
Microsoft Visual Studio Solution File, Format Version 12.00
# Visual Studio Version 16
VisualStudioVersion = 16.0.30804.86
MinimumVisualStudioVersion = 10.0.40219.1
Project("{FAE04EC0-301F-11D3-BF4B-00C04F79EFBC}") = "FirstNonRepeatingChar", "FirstNonRepeatingChar\FirstNonRepeatingChar.csproj", "{46DA085F-096F-4FE4-B7F3-A27573327E3C}"
EndProject
Global
	GlobalSection(SolutionConfigurationPlatforms) = preSolution
		Debug|Any CPU = Debug|Any CPU
		Release|Any CPU = Release|Any CPU
	EndGlobalSection
	GlobalSection(ProjectConfigurationPlatforms) = postSolution
		{46DA085F-096F-4FE4-B7F3-A27573327E3C}.Debug|Any CPU.ActiveCfg = Debug|Any CPU
		{46DA085F-096F-4FE4-B7F3-A27573327E3C}.Debug|Any CPU.Build.0 = Debug|Any CPU
		{46DA085F-096F-4FE4-B7F3-A27573327E3C}.Release|Any CPU.ActiveCfg = Release|Any CPU
		{46DA085F-096F-4FE4-B7F3-A27573327E3C}.Release|Any CPU.Build.0 = Release|Any CPU
	EndGlobalSection
	GlobalSection(SolutionProperties) = preSolution
		HideSolutionNode = FALSE
	EndGlobalSection
	GlobalSection(ExtensibilityGlobals) = postSolution
		SolutionGuid = {14562B28-782A-4925-B7EF-CDC683D587CD}
	EndGlobalSection
EndGlobal
